
Microsoft Visual Studio Solution File, Format Version 12.00
# Visual Studio Version 17
VisualStudioVersion = 17.1.32210.238
MinimumVisualStudioVersion = 10.0.40219.1
Project("{9A19103F-16F7-4668-BE54-9A1E7A4F7556}") = "Movie_database", "Week2-Movie_database\Movie_database.csproj", "{D3CCBBF9-D1B6-453C-BBCC-66AA1195CFA6}"
EndProject
Project("{FAE04EC0-301F-11D3-BF4B-00C04F79EFBC}") = "Movie_database.App", "Movie_database.App\Movie_database.App.csproj", "{4E9F0177-BCA3-49C7-AFB9-F0DEF33EF818}"
EndProject
Project("{FAE04EC0-301F-11D3-BF4B-00C04F79EFBC}") = "Movie_database.Domain", "Movie_database.Domain\Movie_database.Domain.csproj", "{C7018EFE-9E12-4D51-9878-60D25DA2B9BA}"
EndProject
Global
	GlobalSection(SolutionConfigurationPlatforms) = preSolution
		Debug|Any CPU = Debug|Any CPU
		Release|Any CPU = Release|Any CPU
	EndGlobalSection
	GlobalSection(ProjectConfigurationPlatforms) = postSolution
		{D3CCBBF9-D1B6-453C-BBCC-66AA1195CFA6}.Debug|Any CPU.ActiveCfg = Debug|Any CPU
		{D3CCBBF9-D1B6-453C-BBCC-66AA1195CFA6}.Debug|Any CPU.Build.0 = Debug|Any CPU
		{D3CCBBF9-D1B6-453C-BBCC-66AA1195CFA6}.Release|Any CPU.ActiveCfg = Release|Any CPU
		{D3CCBBF9-D1B6-453C-BBCC-66AA1195CFA6}.Release|Any CPU.Build.0 = Release|Any CPU
		{4E9F0177-BCA3-49C7-AFB9-F0DEF33EF818}.Debug|Any CPU.ActiveCfg = Debug|Any CPU
		{4E9F0177-BCA3-49C7-AFB9-F0DEF33EF818}.Debug|Any CPU.Build.0 = Debug|Any CPU
		{4E9F0177-BCA3-49C7-AFB9-F0DEF33EF818}.Release|Any CPU.ActiveCfg = Release|Any CPU
		{4E9F0177-BCA3-49C7-AFB9-F0DEF33EF818}.Release|Any CPU.Build.0 = Release|Any CPU
		{C7018EFE-9E12-4D51-9878-60D25DA2B9BA}.Debug|Any CPU.ActiveCfg = Debug|Any CPU
		{C7018EFE-9E12-4D51-9878-60D25DA2B9BA}.Debug|Any CPU.Build.0 = Debug|Any CPU
		{C7018EFE-9E12-4D51-9878-60D25DA2B9BA}.Release|Any CPU.ActiveCfg = Release|Any CPU
		{C7018EFE-9E12-4D51-9878-60D25DA2B9BA}.Release|Any CPU.Build.0 = Release|Any CPU
	EndGlobalSection
	GlobalSection(SolutionProperties) = preSolution
		HideSolutionNode = FALSE
	EndGlobalSection
	GlobalSection(ExtensibilityGlobals) = postSolution
		SolutionGuid = {A161C803-446F-4EAC-9E12-18B9480683A7}
	EndGlobalSection
EndGlobal
